
Microsoft Visual Studio Solution File, Format Version 12.00
# Visual Studio 15
VisualStudioVersion = 15.0.28307.779
MinimumVisualStudioVersion = 10.0.40219.1
Project("{FAE04EC0-301F-11D3-BF4B-00C04F79EFBC}") = "RCShopOnline", "RCShopOnline\RCShopOnline.csproj", "{D205C00B-66A1-4476-B22E-341B504D03AE}"
EndProject
Global
	GlobalSection(SolutionConfigurationPlatforms) = preSolution
		Debug|Any CPU = Debug|Any CPU
		Release|Any CPU = Release|Any CPU
	EndGlobalSection
	GlobalSection(ProjectConfigurationPlatforms) = postSolution
		{D205C00B-66A1-4476-B22E-341B504D03AE}.Debug|Any CPU.ActiveCfg = Debug|Any CPU
		{D205C00B-66A1-4476-B22E-341B504D03AE}.Debug|Any CPU.Build.0 = Debug|Any CPU
		{D205C00B-66A1-4476-B22E-341B504D03AE}.Release|Any CPU.ActiveCfg = Release|Any CPU
		{D205C00B-66A1-4476-B22E-341B504D03AE}.Release|Any CPU.Build.0 = Release|Any CPU
	EndGlobalSection
	GlobalSection(SolutionProperties) = preSolution
		HideSolutionNode = FALSE
	EndGlobalSection
	GlobalSection(ExtensibilityGlobals) = postSolution
		SolutionGuid = {51C11C57-1E1F-4AAB-9D88-F2A481E77132}
	EndGlobalSection
EndGlobal
